
Microsoft Visual Studio Solution File, Format Version 12.00
# Visual Studio Version 17
VisualStudioVersion = 17.13.35913.81 d17.13
MinimumVisualStudioVersion = 10.0.40219.1
Project("{FAE04EC0-301F-11D3-BF4B-00C04F79EFBC}") = "OOPConsoleApp", "OOPConsoleApp\OOPConsoleApp.csproj", "{81A3DB7D-2293-4B7C-BF15-668A7F6E0DEB}"
EndProject
Global
	GlobalSection(SolutionConfigurationPlatforms) = preSolution
		Debug|Any CPU = Debug|Any CPU
		Release|Any CPU = Release|Any CPU
	EndGlobalSection
	GlobalSection(ProjectConfigurationPlatforms) = postSolution
		{81A3DB7D-2293-4B7C-BF15-668A7F6E0DEB}.Debug|Any CPU.ActiveCfg = Debug|Any CPU
		{81A3DB7D-2293-4B7C-BF15-668A7F6E0DEB}.Debug|Any CPU.Build.0 = Debug|Any CPU
		{81A3DB7D-2293-4B7C-BF15-668A7F6E0DEB}.Release|Any CPU.ActiveCfg = Release|Any CPU
		{81A3DB7D-2293-4B7C-BF15-668A7F6E0DEB}.Release|Any CPU.Build.0 = Release|Any CPU
	EndGlobalSection
	GlobalSection(SolutionProperties) = preSolution
		HideSolutionNode = FALSE
	EndGlobalSection
	GlobalSection(ExtensibilityGlobals) = postSolution
		SolutionGuid = {00AA9DF0-7185-4B5C-83D7-93F7FB1B4DF9}
	EndGlobalSection
EndGlobal
